
Microsoft Visual Studio Solution File, Format Version 12.00
# Visual Studio Version 16
VisualStudioVersion = 16.0.30621.155
MinimumVisualStudioVersion = 10.0.40219.1
Project("{FAE04EC0-301F-11D3-BF4B-00C04F79EFBC}") = "WebHospital", "WebHospital\WebHospital.csproj", "{DC82EFD0-0C97-42D6-AFC2-6A511020CD5A}"
EndProject
Global
	GlobalSection(SolutionConfigurationPlatforms) = preSolution
		Debug|Any CPU = Debug|Any CPU
		Release|Any CPU = Release|Any CPU
	EndGlobalSection
	GlobalSection(ProjectConfigurationPlatforms) = postSolution
		{DC82EFD0-0C97-42D6-AFC2-6A511020CD5A}.Debug|Any CPU.ActiveCfg = Debug|Any CPU
		{DC82EFD0-0C97-42D6-AFC2-6A511020CD5A}.Debug|Any CPU.Build.0 = Debug|Any CPU
		{DC82EFD0-0C97-42D6-AFC2-6A511020CD5A}.Release|Any CPU.ActiveCfg = Release|Any CPU
		{DC82EFD0-0C97-42D6-AFC2-6A511020CD5A}.Release|Any CPU.Build.0 = Release|Any CPU
	EndGlobalSection
	GlobalSection(SolutionProperties) = preSolution
		HideSolutionNode = FALSE
	EndGlobalSection
	GlobalSection(ExtensibilityGlobals) = postSolution
		SolutionGuid = {C11874D1-F039-4D6C-B3ED-C16D9CEB8F05}
	EndGlobalSection
EndGlobal
